// !$*UTF8*$!
{
	archiveVersion = 1;
	classes = {
	};
	objectVersion = 46;
	objects = {

/* Begin PBXBuildFile section */
		6C9FEDB51D087D4500D6CA20 /* CheckInViewController.m in Sources */ = {isa = PBXBuildFile; fileRef = 6C9FEDB41D087D4500D6CA20 /* CheckInViewController.m */; };
		6C9FEDF51D0B082200D6CA20 /* CNXEquipment.m in Sources */ = {isa = PBXBuildFile; fileRef = 6C9FEDEF1D0B082200D6CA20 /* CNXEquipment.m */; };
		6C9FEDF71D0B082200D6CA20 /* CNXContact.m in Sources */ = {isa = PBXBuildFile; fileRef = 6C9FEDF31D0B082200D6CA20 /* CNXContact.m */; };
		6C9FEDFA1D0B087D00D6CA20 /* ContactManager.m in Sources */ = {isa = PBXBuildFile; fileRef = 6C9FEDF91D0B087D00D6CA20 /* ContactManager.m */; };
		6C9FEE021D0CA42200D6CA20 /* calculator.png in Resources */ = {isa = PBXBuildFile; fileRef = 6C9FEE011D0CA42200D6CA20 /* calculator.png */; };
		6C9FEE061D0CB33100D6CA20 /* refresh.png in Resources */ = {isa = PBXBuildFile; fileRef = 6C9FEE051D0CB33100D6CA20 /* refresh.png */; };
		6C9FEE0B1D0CBEDE00D6CA20 /* CNXContact+CoreDataProperties.m in Sources */ = {isa = PBXBuildFile; fileRef = 6C9FEE081D0CBEDE00D6CA20 /* CNXContact+CoreDataProperties.m */; };
		6C9FEE0C1D0CBEDE00D6CA20 /* CNXEquipment+CoreDataProperties.m in Sources */ = {isa = PBXBuildFile; fileRef = 6C9FEE0A1D0CBEDE00D6CA20 /* CNXEquipment+CoreDataProperties.m */; };
		6C9FEE141D0E02E000D6CA20 /* buttonbackground.png in Resources */ = {isa = PBXBuildFile; fileRef = 6C9FEE131D0E02DF00D6CA20 /* buttonbackground.png */; };
		6C9FEE161D0E051400D6CA20 /* buttonbackgroundLightgreen.png in Resources */ = {isa = PBXBuildFile; fileRef = 6C9FEE151D0E051400D6CA20 /* buttonbackgroundLightgreen.png */; };
		6C9FEE181D0E34E500D6CA20 /* slr_large_lens.png in Resources */ = {isa = PBXBuildFile; fileRef = 6C9FEE171D0E34E500D6CA20 /* slr_large_lens.png */; };
		6C9FEE1A1D0E34ED00D6CA20 /* large_lens.png in Resources */ = {isa = PBXBuildFile; fileRef = 6C9FEE191D0E34ED00D6CA20 /* large_lens.png */; };
		6C9FEE1C1D0E34FE00D6CA20 /* movie_projector.png in Resources */ = {isa = PBXBuildFile; fileRef = 6C9FEE1B1D0E34FE00D6CA20 /* movie_projector.png */; };
		6C9FEE1E1D0E351200D6CA20 /* slr_small_lens.png in Resources */ = {isa = PBXBuildFile; fileRef = 6C9FEE1D1D0E351200D6CA20 /* slr_small_lens.png */; };
		6C9FEE201D0E354100D6CA20 /* clapperboard.png in Resources */ = {isa = PBXBuildFile; fileRef = 6C9FEE1F1D0E354100D6CA20 /* clapperboard.png */; };
		6C9FEE221D0E35A500D6CA20 /* drone_with_camera.png in Resources */ = {isa = PBXBuildFile; fileRef = 6C9FEE211D0E35A500D6CA20 /* drone_with_camera.png */; };
		6C9FEE271D0EB90000D6CA20 /* ContactViewController.m in Sources */ = {isa = PBXBuildFile; fileRef = 6C9FEE261D0EB90000D6CA20 /* ContactViewController.m */; };
		6C9FEE2D1D0F041400D6CA20 /* add_camera.png in Resources */ = {isa = PBXBuildFile; fileRef = 6C9FEE2C1D0F041400D6CA20 /* add_camera.png */; };
		6C9FEE2F1D0F042600D6CA20 /* add_user_male.png in Resources */ = {isa = PBXBuildFile; fileRef = 6C9FEE2E1D0F042600D6CA20 /* add_user_male.png */; };
		6C9FEE311D0F046E00D6CA20 /* add_rule.png in Resources */ = {isa = PBXBuildFile; fileRef = 6C9FEE301D0F046E00D6CA20 /* add_rule.png */; };
		6CCEC2371D04D9BE00DB30C0 /* main.m in Sources */ = {isa = PBXBuildFile; fileRef = 6CCEC2361D04D9BE00DB30C0 /* main.m */; };
		6CCEC23A1D04D9BE00DB30C0 /* AppDelegate.m in Sources */ = {isa = PBXBuildFile; fileRef = 6CCEC2391D04D9BE00DB30C0 /* AppDelegate.m */; };
		6CCEC2431D04D9BF00DB30C0 /* EquiptiLity.xcdatamodeld in Sources */ = {isa = PBXBuildFile; fileRef = 6CCEC2411D04D9BF00DB30C0 /* EquiptiLity.xcdatamodeld */; };
		6CCEC2451D04D9BF00DB30C0 /* Assets.xcassets in Resources */ = {isa = PBXBuildFile; fileRef = 6CCEC2441D04D9BF00DB30C0 /* Assets.xcassets */; };
		6CCEC2481D04D9BF00DB30C0 /* LaunchScreen.storyboard in Resources */ = {isa = PBXBuildFile; fileRef = 6CCEC2461D04D9BF00DB30C0 /* LaunchScreen.storyboard */; };
		6CCEC2551D05CA7F00DB30C0 /* Main.storyboard in Resources */ = {isa = PBXBuildFile; fileRef = 6CCEC2541D05CA7F00DB30C0 /* Main.storyboard */; };
		6CCEC2601D05CF2500DB30C0 /* BrandEntryViewController.m in Sources */ = {isa = PBXBuildFile; fileRef = 6CCEC25F1D05CF2500DB30C0 /* BrandEntryViewController.m */; };
		6CCEC2641D05D96900DB30C0 /* EquipmentsTableViewController.m in Sources */ = {isa = PBXBuildFile; fileRef = 6CCEC2631D05D96900DB30C0 /* EquipmentsTableViewController.m */; };
		6CCEC2691D05F28B00DB30C0 /* RateEntryViewController.m in Sources */ = {isa = PBXBuildFile; fileRef = 6CCEC2681D05F28B00DB30C0 /* RateEntryViewController.m */; };
		6CCEC26C1D05FBEA00DB30C0 /* NoteEntryViewController.m in Sources */ = {isa = PBXBuildFile; fileRef = 6CCEC26B1D05FBEA00DB30C0 /* NoteEntryViewController.m */; };
		6CCEC26F1D06D5DB00DB30C0 /* Calculator.m in Sources */ = {isa = PBXBuildFile; fileRef = 6CCEC26E1D06D5DB00DB30C0 /* Calculator.m */; };
		6CCEC2751D06EAFF00DB30C0 /* CalculateTotalViewController.m in Sources */ = {isa = PBXBuildFile; fileRef = 6CCEC2741D06EAFF00DB30C0 /* CalculateTotalViewController.m */; };
		6CCEC27B1D082B5F00DB30C0 /* EquipmentListTableViewCell.m in Sources */ = {isa = PBXBuildFile; fileRef = 6CCEC27A1D082B5F00DB30C0 /* EquipmentListTableViewCell.m */; };
/* End PBXBuildFile section */

/* Begin PBXFileReference section */
		6C9FEDB31D087D4500D6CA20 /* CheckInViewController.h */ = {isa = PBXFileReference; fileEncoding = 4; lastKnownFileType = sourcecode.c.h; path = CheckInViewController.h; sourceTree = "<group>"; };
		6C9FEDB41D087D4500D6CA20 /* CheckInViewController.m */ = {isa = PBXFileReference; fileEncoding = 4; lastKnownFileType = sourcecode.c.objc; path = CheckInViewController.m; sourceTree = "<group>"; };
		6C9FEDEE1D0B082200D6CA20 /* CNXEquipment.h */ = {isa = PBXFileReference; fileEncoding = 4; lastKnownFileType = sourcecode.c.h; name = CNXEquipment.h; path = EquiptiLity/CNXEquipment.h; sourceTree = "<group>"; };
		6C9FEDEF1D0B082200D6CA20 /* CNXEquipment.m */ = {isa = PBXFileReference; fileEncoding = 4; lastKnownFileType = sourcecode.c.objc; name = CNXEquipment.m; path = EquiptiLity/CNXEquipment.m; sourceTree = "<group>"; };
		6C9FEDF21D0B082200D6CA20 /* CNXContact.h */ = {isa = PBXFileReference; fileEncoding = 4; lastKnownFileType = sourcecode.c.h; name = CNXContact.h; path = EquiptiLity/CNXContact.h; sourceTree = "<group>"; };
		6C9FEDF31D0B082200D6CA20 /* CNXContact.m */ = {isa = PBXFileReference; fileEncoding = 4; lastKnownFileType = sourcecode.c.objc; name = CNXContact.m; path = EquiptiLity/CNXContact.m; sourceTree = "<group>"; };
		6C9FEDF81D0B087D00D6CA20 /* ContactManager.h */ = {isa = PBXFileReference; fileEncoding = 4; lastKnownFileType = sourcecode.c.h; name = ContactManager.h; path = ../ContactManager.h; sourceTree = "<group>"; };
		6C9FEDF91D0B087D00D6CA20 /* ContactManager.m */ = {isa = PBXFileReference; fileEncoding = 4; lastKnownFileType = sourcecode.c.objc; name = ContactManager.m; path = ../ContactManager.m; sourceTree = "<group>"; };
		6C9FEE011D0CA42200D6CA20 /* calculator.png */ = {isa = PBXFileReference; lastKnownFileType = image.png; path = calculator.png; sourceTree = "<group>"; };
		6C9FEE051D0CB33100D6CA20 /* refresh.png */ = {isa = PBXFileReference; lastKnownFileType = image.png; path = refresh.png; sourceTree = "<group>"; };
		6C9FEE071D0CBEDE00D6CA20 /* CNXContact+CoreDataProperties.h */ = {isa = PBXFileReference; fileEncoding = 4; lastKnownFileType = sourcecode.c.h; name = "CNXContact+CoreDataProperties.h"; path = "EquiptiLity/CNXContact+CoreDataProperties.h"; sourceTree = "<group>"; };
		6C9FEE081D0CBEDE00D6CA20 /* CNXContact+CoreDataProperties.m */ = {isa = PBXFileReference; fileEncoding = 4; lastKnownFileType = sourcecode.c.objc; name = "CNXContact+CoreDataProperties.m"; path = "EquiptiLity/CNXContact+CoreDataProperties.m"; sourceTree = "<group>"; };
		6C9FEE091D0CBEDE00D6CA20 /* CNXEquipment+CoreDataProperties.h */ = {isa = PBXFileReference; fileEncoding = 4; lastKnownFileType = sourcecode.c.h; name = "CNXEquipment+CoreDataProperties.h"; path = "EquiptiLity/CNXEquipment+CoreDataProperties.h"; sourceTree = "<group>"; };
		6C9FEE0A1D0CBEDE00D6CA20 /* CNXEquipment+CoreDataProperties.m */ = {isa = PBXFileReference; fileEncoding = 4; lastKnownFileType = sourcecode.c.objc; name = "CNXEquipment+CoreDataProperties.m"; path = "EquiptiLity/CNXEquipment+CoreDataProperties.m"; sourceTree = "<group>"; };
		6C9FEE131D0E02DF00D6CA20 /* buttonbackground.png */ = {isa = PBXFileReference; lastKnownFileType = image.png; path = buttonbackground.png; sourceTree = "<group>"; };
		6C9FEE151D0E051400D6CA20 /* buttonbackgroundLightgreen.png */ = {isa = PBXFileReference; lastKnownFileType = image.png; path = buttonbackgroundLightgreen.png; sourceTree = "<group>"; };
		6C9FEE171D0E34E500D6CA20 /* slr_large_lens.png */ = {isa = PBXFileReference; lastKnownFileType = image.png; path = slr_large_lens.png; sourceTree = "<group>"; };
		6C9FEE191D0E34ED00D6CA20 /* large_lens.png */ = {isa = PBXFileReference; lastKnownFileType = image.png; path = large_lens.png; sourceTree = "<group>"; };
		6C9FEE1B1D0E34FE00D6CA20 /* movie_projector.png */ = {isa = PBXFileReference; lastKnownFileType = image.png; path = movie_projector.png; sourceTree = "<group>"; };
		6C9FEE1D1D0E351200D6CA20 /* slr_small_lens.png */ = {isa = PBXFileReference; lastKnownFileType = image.png; path = slr_small_lens.png; sourceTree = "<group>"; };
		6C9FEE1F1D0E354100D6CA20 /* clapperboard.png */ = {isa = PBXFileReference; lastKnownFileType = image.png; path = clapperboard.png; sourceTree = "<group>"; };
		6C9FEE211D0E35A500D6CA20 /* drone_with_camera.png */ = {isa = PBXFileReference; lastKnownFileType = image.png; path = drone_with_camera.png; sourceTree = "<group>"; };
		6C9FEE251D0EB90000D6CA20 /* ContactViewController.h */ = {isa = PBXFileReference; fileEncoding = 4; lastKnownFileType = sourcecode.c.h; path = ContactViewController.h; sourceTree = "<group>"; };
		6C9FEE261D0EB90000D6CA20 /* ContactViewController.m */ = {isa = PBXFileReference; fileEncoding = 4; lastKnownFileType = sourcecode.c.objc; path = ContactViewController.m; sourceTree = "<group>"; };
		6C9FEE2C1D0F041400D6CA20 /* add_camera.png */ = {isa = PBXFileReference; lastKnownFileType = image.png; path = add_camera.png; sourceTree = "<group>"; };
		6C9FEE2E1D0F042600D6CA20 /* add_user_male.png */ = {isa = PBXFileReference; lastKnownFileType = image.png; path = add_user_male.png; sourceTree = "<group>"; };
		6C9FEE301D0F046E00D6CA20 /* add_rule.png */ = {isa = PBXFileReference; lastKnownFileType = image.png; path = add_rule.png; sourceTree = "<group>"; };
		6CCEC2321D04D9BE00DB30C0 /* EquiptiLity.app */ = {isa = PBXFileReference; explicitFileType = wrapper.application; includeInIndex = 0; path = EquiptiLity.app; sourceTree = BUILT_PRODUCTS_DIR; };
		6CCEC2361D04D9BE00DB30C0 /* main.m */ = {isa = PBXFileReference; lastKnownFileType = sourcecode.c.objc; path = main.m; sourceTree = "<group>"; };
		6CCEC2381D04D9BE00DB30C0 /* AppDelegate.h */ = {isa = PBXFileReference; lastKnownFileType = sourcecode.c.h; path = AppDelegate.h; sourceTree = "<group>"; };
		6CCEC2391D04D9BE00DB30C0 /* AppDelegate.m */ = {isa = PBXFileReference; lastKnownFileType = sourcecode.c.objc; path = AppDelegate.m; sourceTree = "<group>"; };
		6CCEC2421D04D9BF00DB30C0 /* EquiptiLity.xcdatamodel */ = {isa = PBXFileReference; lastKnownFileType = wrapper.xcdatamodel; path = EquiptiLity.xcdatamodel; sourceTree = "<group>"; };
		6CCEC2441D04D9BF00DB30C0 /* Assets.xcassets */ = {isa = PBXFileReference; lastKnownFileType = folder.assetcatalog; path = Assets.xcassets; sourceTree = "<group>"; };
		6CCEC2471D04D9BF00DB30C0 /* Base */ = {isa = PBXFileReference; lastKnownFileType = file.storyboard; name = Base; path = Base.lproj/LaunchScreen.storyboard; sourceTree = "<group>"; };
		6CCEC2491D04D9BF00DB30C0 /* Info.plist */ = {isa = PBXFileReference; lastKnownFileType = text.plist.xml; path = Info.plist; sourceTree = "<group>"; };
		6CCEC2541D05CA7F00DB30C0 /* Main.storyboard */ = {isa = PBXFileReference; fileEncoding = 4; lastKnownFileType = file.storyboard; path = Main.storyboard; sourceTree = "<group>"; };
		6CCEC25E1D05CF2500DB30C0 /* BrandEntryViewController.h */ = {isa = PBXFileReference; fileEncoding = 4; lastKnownFileType = sourcecode.c.h; path = BrandEntryViewController.h; sourceTree = "<group>"; };
		6CCEC25F1D05CF2500DB30C0 /* BrandEntryViewController.m */ = {isa = PBXFileReference; fileEncoding = 4; lastKnownFileType = sourcecode.c.objc; path = BrandEntryViewController.m; sourceTree = "<group>"; };
		6CCEC2621D05D96900DB30C0 /* EquipmentsTableViewController.h */ = {isa = PBXFileReference; fileEncoding = 4; lastKnownFileType = sourcecode.c.h; path = EquipmentsTableViewController.h; sourceTree = "<group>"; };
		6CCEC2631D05D96900DB30C0 /* EquipmentsTableViewController.m */ = {isa = PBXFileReference; fileEncoding = 4; lastKnownFileType = sourcecode.c.objc; path = EquipmentsTableViewController.m; sourceTree = "<group>"; };
		6CCEC2671D05F28B00DB30C0 /* RateEntryViewController.h */ = {isa = PBXFileReference; fileEncoding = 4; lastKnownFileType = sourcecode.c.h; path = RateEntryViewController.h; sourceTree = "<group>"; };
		6CCEC2681D05F28B00DB30C0 /* RateEntryViewController.m */ = {isa = PBXFileReference; fileEncoding = 4; lastKnownFileType = sourcecode.c.objc; path = RateEntryViewController.m; sourceTree = "<group>"; };
		6CCEC26A1D05FBEA00DB30C0 /* NoteEntryViewController.h */ = {isa = PBXFileReference; fileEncoding = 4; lastKnownFileType = sourcecode.c.h; path = NoteEntryViewController.h; sourceTree = "<group>"; };
		6CCEC26B1D05FBEA00DB30C0 /* NoteEntryViewController.m */ = {isa = PBXFileReference; fileEncoding = 4; lastKnownFileType = sourcecode.c.objc; path = NoteEntryViewController.m; sourceTree = "<group>"; };
		6CCEC26D1D06D5DB00DB30C0 /* Calculator.h */ = {isa = PBXFileReference; fileEncoding = 4; lastKnownFileType = sourcecode.c.h; path = Calculator.h; sourceTree = "<group>"; };
		6CCEC26E1D06D5DB00DB30C0 /* Calculator.m */ = {isa = PBXFileReference; fileEncoding = 4; lastKnownFileType = sourcecode.c.objc; path = Calculator.m; sourceTree = "<group>"; };
		6CCEC2731D06EAFF00DB30C0 /* CalculateTotalViewController.h */ = {isa = PBXFileReference; fileEncoding = 4; lastKnownFileType = sourcecode.c.h; path = CalculateTotalViewController.h; sourceTree = "<group>"; };
		6CCEC2741D06EAFF00DB30C0 /* CalculateTotalViewController.m */ = {isa = PBXFileReference; fileEncoding = 4; lastKnownFileType = sourcecode.c.objc; path = CalculateTotalViewController.m; sourceTree = "<group>"; };
		6CCEC2791D082B5F00DB30C0 /* EquipmentListTableViewCell.h */ = {isa = PBXFileReference; fileEncoding = 4; lastKnownFileType = sourcecode.c.h; path = EquipmentListTableViewCell.h; sourceTree = "<group>"; };
		6CCEC27A1D082B5F00DB30C0 /* EquipmentListTableViewCell.m */ = {isa = PBXFileReference; fileEncoding = 4; lastKnownFileType = sourcecode.c.objc; path = EquipmentListTableViewCell.m; sourceTree = "<group>"; };
/* End PBXFileReference section */

/* Begin PBXFrameworksBuildPhase section */
		6CCEC22F1D04D9BE00DB30C0 /* Frameworks */ = {
			isa = PBXFrameworksBuildPhase;
			buildActionMask = 2147483647;
			files = (
			);
			runOnlyForDeploymentPostprocessing = 0;
		};
/* End PBXFrameworksBuildPhase section */

/* Begin PBXGroup section */
		6C9FEDB61D0972D500D6CA20 /* Icons+Assets */ = {
			isa = PBXGroup;
			children = (
				6C9FEE301D0F046E00D6CA20 /* add_rule.png */,
				6C9FEE2E1D0F042600D6CA20 /* add_user_male.png */,
				6C9FEE2C1D0F041400D6CA20 /* add_camera.png */,
				6C9FEE211D0E35A500D6CA20 /* drone_with_camera.png */,
				6C9FEE1F1D0E354100D6CA20 /* clapperboard.png */,
				6C9FEE1D1D0E351200D6CA20 /* slr_small_lens.png */,
				6C9FEE1B1D0E34FE00D6CA20 /* movie_projector.png */,
				6C9FEE191D0E34ED00D6CA20 /* large_lens.png */,
				6C9FEE171D0E34E500D6CA20 /* slr_large_lens.png */,
				6C9FEE151D0E051400D6CA20 /* buttonbackgroundLightgreen.png */,
				6C9FEE131D0E02DF00D6CA20 /* buttonbackground.png */,
				6C9FEE011D0CA42200D6CA20 /* calculator.png */,
				6C9FEE051D0CB33100D6CA20 /* refresh.png */,
			);
			name = "Icons+Assets";
			sourceTree = "<group>";
		};
		6C9FEDFB1D0B08B200D6CA20 /* Managers */ = {
			isa = PBXGroup;
			children = (
				6C9FEDF81D0B087D00D6CA20 /* ContactManager.h */,
				6C9FEDF91D0B087D00D6CA20 /* ContactManager.m */,
			);
			name = Managers;
			sourceTree = "<group>";
		};
		6CCEC2291D04D9BE00DB30C0 = {
			isa = PBXGroup;
			children = (
				6CCEC2341D04D9BE00DB30C0 /* EquiptiLity */,
				6CCEC2331D04D9BE00DB30C0 /* Products */,
			);
			sourceTree = "<group>";
		};
		6CCEC2331D04D9BE00DB30C0 /* Products */ = {
			isa = PBXGroup;
			children = (
				6CCEC2321D04D9BE00DB30C0 /* EquiptiLity.app */,
			);
			name = Products;
			sourceTree = "<group>";
		};
		6CCEC2341D04D9BE00DB30C0 /* EquiptiLity */ = {
			isa = PBXGroup;
			children = (
				6C9FEDFB1D0B08B200D6CA20 /* Managers */,
				6CCEC2711D06D5F600DB30C0 /* CalculatorClass */,
				6CCEC25D1D05CD2300DB30C0 /* AppDelegate */,
				6CCEC25C1D05CD0500DB30C0 /* CoreDataManagedObjects-DO NOT TOUCH */,
				6CCEC2541D05CA7F00DB30C0 /* Main.storyboard */,
				6CCEC2611D05CF2E00DB30C0 /* ViewControllers */,
				6CCEC2441D04D9BF00DB30C0 /* Assets.xcassets */,
				6C9FEDB61D0972D500D6CA20 /* Icons+Assets */,
				6CCEC2461D04D9BF00DB30C0 /* LaunchScreen.storyboard */,
				6CCEC2491D04D9BF00DB30C0 /* Info.plist */,
				6CCEC2351D04D9BE00DB30C0 /* Supporting Files */,
			);
			path = EquiptiLity;
			sourceTree = "<group>";
		};
		6CCEC2351D04D9BE00DB30C0 /* Supporting Files */ = {
			isa = PBXGroup;
			children = (
				6CCEC2361D04D9BE00DB30C0 /* main.m */,
			);
			name = "Supporting Files";
			sourceTree = "<group>";
		};
		6CCEC25C1D05CD0500DB30C0 /* CoreDataManagedObjects-DO NOT TOUCH */ = {
			isa = PBXGroup;
			children = (
				6CCEC2721D06E77C00DB30C0 /* COREDATAMODEL */,
				6C9FEDEE1D0B082200D6CA20 /* CNXEquipment.h */,
				6C9FEDEF1D0B082200D6CA20 /* CNXEquipment.m */,
				6C9FEDF21D0B082200D6CA20 /* CNXContact.h */,
				6C9FEDF31D0B082200D6CA20 /* CNXContact.m */,
				6C9FEE071D0CBEDE00D6CA20 /* CNXContact+CoreDataProperties.h */,
				6C9FEE081D0CBEDE00D6CA20 /* CNXContact+CoreDataProperties.m */,
				6C9FEE091D0CBEDE00D6CA20 /* CNXEquipment+CoreDataProperties.h */,
				6C9FEE0A1D0CBEDE00D6CA20 /* CNXEquipment+CoreDataProperties.m */,
			);
			name = "CoreDataManagedObjects-DO NOT TOUCH";
			path = ..;
			sourceTree = "<group>";
		};
		6CCEC25D1D05CD2300DB30C0 /* AppDelegate */ = {
			isa = PBXGroup;
			children = (
				6CCEC2381D04D9BE00DB30C0 /* AppDelegate.h */,
				6CCEC2391D04D9BE00DB30C0 /* AppDelegate.m */,
			);
			name = AppDelegate;
			sourceTree = "<group>";
		};
		6CCEC2611D05CF2E00DB30C0 /* ViewControllers */ = {
			isa = PBXGroup;
			children = (
				6C9FEE251D0EB90000D6CA20 /* ContactViewController.h */,
				6C9FEE261D0EB90000D6CA20 /* ContactViewController.m */,
				6CCEC2621D05D96900DB30C0 /* EquipmentsTableViewController.h */,
				6CCEC2631D05D96900DB30C0 /* EquipmentsTableViewController.m */,
				6CCEC2791D082B5F00DB30C0 /* EquipmentListTableViewCell.h */,
				6CCEC27A1D082B5F00DB30C0 /* EquipmentListTableViewCell.m */,
				6CCEC25E1D05CF2500DB30C0 /* BrandEntryViewController.h */,
				6CCEC25F1D05CF2500DB30C0 /* BrandEntryViewController.m */,
				6CCEC2671D05F28B00DB30C0 /* RateEntryViewController.h */,
				6CCEC2681D05F28B00DB30C0 /* RateEntryViewController.m */,
				6CCEC26A1D05FBEA00DB30C0 /* NoteEntryViewController.h */,
				6CCEC26B1D05FBEA00DB30C0 /* NoteEntryViewController.m */,
				6CCEC2731D06EAFF00DB30C0 /* CalculateTotalViewController.h */,
				6CCEC2741D06EAFF00DB30C0 /* CalculateTotalViewController.m */,
				6C9FEDB31D087D4500D6CA20 /* CheckInViewController.h */,
				6C9FEDB41D087D4500D6CA20 /* CheckInViewController.m */,
			);
			name = ViewControllers;
			sourceTree = "<group>";
		};
		6CCEC2711D06D5F600DB30C0 /* CalculatorClass */ = {
			isa = PBXGroup;
			children = (
				6CCEC26D1D06D5DB00DB30C0 /* Calculator.h */,
				6CCEC26E1D06D5DB00DB30C0 /* Calculator.m */,
			);
			name = CalculatorClass;
			sourceTree = "<group>";
		};
		6CCEC2721D06E77C00DB30C0 /* COREDATAMODEL */ = {
			isa = PBXGroup;
			children = (
				6CCEC2411D04D9BF00DB30C0 /* EquiptiLity.xcdatamodeld */,
			);
			name = COREDATAMODEL;
			path = EquiptiLity;
			sourceTree = "<group>";
		};
/* End PBXGroup section */

/* Begin PBXNativeTarget section */
		6CCEC2311D04D9BE00DB30C0 /* EquiptiLity */ = {
			isa = PBXNativeTarget;
			buildConfigurationList = 6CCEC24C1D04D9BF00DB30C0 /* Build configuration list for PBXNativeTarget "EquiptiLity" */;
			buildPhases = (
				6CCEC22E1D04D9BE00DB30C0 /* Sources */,
				6CCEC22F1D04D9BE00DB30C0 /* Frameworks */,
				6CCEC2301D04D9BE00DB30C0 /* Resources */,
			);
			buildRules = (
			);
			dependencies = (
			);
			name = EquiptiLity;
			productName = EquiptiLity;
			productReference = 6CCEC2321D04D9BE00DB30C0 /* EquiptiLity.app */;
			productType = "com.apple.product-type.application";
		};
/* End PBXNativeTarget section */

/* Begin PBXProject section */
		6CCEC22A1D04D9BE00DB30C0 /* Project object */ = {
			isa = PBXProject;
			attributes = {
				LastUpgradeCheck = 0730;
				ORGANIZATIONNAME = moorsideinc;
				TargetAttributes = {
					6CCEC2311D04D9BE00DB30C0 = {
						CreatedOnToolsVersion = 7.3.1;
						DevelopmentTeam = SUE76DA8VN;
					};
				};
			};
			buildConfigurationList = 6CCEC22D1D04D9BE00DB30C0 /* Build configuration list for PBXProject "EquiptiLity" */;
			compatibilityVersion = "Xcode 3.2";
			developmentRegion = English;
			hasScannedForEncodings = 0;
			knownRegions = (
				en,
				Base,
			);
			mainGroup = 6CCEC2291D04D9BE00DB30C0;
			productRefGroup = 6CCEC2331D04D9BE00DB30C0 /* Products */;
			projectDirPath = "";
			projectRoot = "";
			targets = (
				6CCEC2311D04D9BE00DB30C0 /* EquiptiLity */,
			);
		};
/* End PBXProject section */

/* Begin PBXResourcesBuildPhase section */
		6CCEC2301D04D9BE00DB30C0 /* Resources */ = {
			isa = PBXResourcesBuildPhase;
			buildActionMask = 2147483647;
			files = (
				6C9FEE2D1D0F041400D6CA20 /* add_camera.png in Resources */,
				6CCEC2551D05CA7F00DB30C0 /* Main.storyboard in Resources */,
				6C9FEE061D0CB33100D6CA20 /* refresh.png in Resources */,
				6C9FEE201D0E354100D6CA20 /* clapperboard.png in Resources */,
				6C9FEE1E1D0E351200D6CA20 /* slr_small_lens.png in Resources */,
				6C9FEE221D0E35A500D6CA20 /* drone_with_camera.png in Resources */,
				6CCEC2481D04D9BF00DB30C0 /* LaunchScreen.storyboard in Resources */,
				6C9FEE1C1D0E34FE00D6CA20 /* movie_projector.png in Resources */,
				6CCEC2451D04D9BF00DB30C0 /* Assets.xcassets in Resources */,
				6C9FEE2F1D0F042600D6CA20 /* add_user_male.png in Resources */,
				6C9FEE021D0CA42200D6CA20 /* calculator.png in Resources */,
				6C9FEE161D0E051400D6CA20 /* buttonbackgroundLightgreen.png in Resources */,
				6C9FEE1A1D0E34ED00D6CA20 /* large_lens.png in Resources */,
				6C9FEE141D0E02E000D6CA20 /* buttonbackground.png in Resources */,
				6C9FEE181D0E34E500D6CA20 /* slr_large_lens.png in Resources */,
				6C9FEE311D0F046E00D6CA20 /* add_rule.png in Resources */,
			);
			runOnlyForDeploymentPostprocessing = 0;
		};
/* End PBXResourcesBuildPhase section */

/* Begin PBXSourcesBuildPhase section */
		6CCEC22E1D04D9BE00DB30C0 /* Sources */ = {
			isa = PBXSourcesBuildPhase;
			buildActionMask = 2147483647;
			files = (
				6CCEC2691D05F28B00DB30C0 /* RateEntryViewController.m in Sources */,
				6C9FEE0B1D0CBEDE00D6CA20 /* CNXContact+CoreDataProperties.m in Sources */,
				6CCEC2641D05D96900DB30C0 /* EquipmentsTableViewController.m in Sources */,
				6C9FEDFA1D0B087D00D6CA20 /* ContactManager.m in Sources */,
				6CCEC26F1D06D5DB00DB30C0 /* Calculator.m in Sources */,
				6C9FEDF51D0B082200D6CA20 /* CNXEquipment.m in Sources */,
				6C9FEE271D0EB90000D6CA20 /* ContactViewController.m in Sources */,
				6CCEC23A1D04D9BE00DB30C0 /* AppDelegate.m in Sources */,
				6C9FEDF71D0B082200D6CA20 /* CNXContact.m in Sources */,
				6C9FEE0C1D0CBEDE00D6CA20 /* CNXEquipment+CoreDataProperties.m in Sources */,
				6CCEC27B1D082B5F00DB30C0 /* EquipmentListTableViewCell.m in Sources */,
				6C9FEDB51D087D4500D6CA20 /* CheckInViewController.m in Sources */,
				6CCEC2601D05CF2500DB30C0 /* BrandEntryViewController.m in Sources */,
				6CCEC26C1D05FBEA00DB30C0 /* NoteEntryViewController.m in Sources */,
				6CCEC2371D04D9BE00DB30C0 /* main.m in Sources */,
				6CCEC2431D04D9BF00DB30C0 /* EquiptiLity.xcdatamodeld in Sources */,
				6CCEC2751D06EAFF00DB30C0 /* CalculateTotalViewController.m in Sources */,
			);
			runOnlyForDeploymentPostprocessing = 0;
		};
/* End PBXSourcesBuildPhase section */

/* Begin PBXVariantGroup section */
		6CCEC2461D04D9BF00DB30C0 /* LaunchScreen.storyboard */ = {
			isa = PBXVariantGroup;
			children = (
				6CCEC2471D04D9BF00DB30C0 /* Base */,
			);
			name = LaunchScreen.storyboard;
			sourceTree = "<group>";
		};
/* End PBXVariantGroup section */

/* Begin XCBuildConfiguration section */
		6CCEC24A1D04D9BF00DB30C0 /* Debug */ = {
			isa = XCBuildConfiguration;
			buildSettings = {
				ALWAYS_SEARCH_USER_PATHS = NO;
				CLANG_ANALYZER_NONNULL = YES;
				CLANG_CXX_LANGUAGE_STANDARD = "gnu++0x";
				CLANG_CXX_LIBRARY = "libc++";
				CLANG_ENABLE_MODULES = YES;
				CLANG_ENABLE_OBJC_ARC = YES;
				CLANG_WARN_BOOL_CONVERSION = YES;
				CLANG_WARN_CONSTANT_CONVERSION = YES;
				CLANG_WARN_DIRECT_OBJC_ISA_USAGE = YES_ERROR;
				CLANG_WARN_EMPTY_BODY = YES;
				CLANG_WARN_ENUM_CONVERSION = YES;
				CLANG_WARN_INT_CONVERSION = YES;
				CLANG_WARN_OBJC_ROOT_CLASS = YES_ERROR;
				CLANG_WARN_UNREACHABLE_CODE = YES;
				CLANG_WARN__DUPLICATE_METHOD_MATCH = YES;
				"CODE_SIGN_IDENTITY[sdk=iphoneos*]" = "iPhone Developer";
				COPY_PHASE_STRIP = NO;
				DEBUG_INFORMATION_FORMAT = dwarf;
				ENABLE_STRICT_OBJC_MSGSEND = YES;
				ENABLE_TESTABILITY = YES;
				GCC_C_LANGUAGE_STANDARD = gnu99;
				GCC_DYNAMIC_NO_PIC = NO;
				GCC_NO_COMMON_BLOCKS = YES;
				GCC_OPTIMIZATION_LEVEL = 0;
				GCC_PREPROCESSOR_DEFINITIONS = (
					"DEBUG=1",
					"$(inherited)",
				);
				GCC_WARN_64_TO_32_BIT_CONVERSION = YES;
				GCC_WARN_ABOUT_RETURN_TYPE = YES_ERROR;
				GCC_WARN_UNDECLARED_SELECTOR = YES;
				GCC_WARN_UNINITIALIZED_AUTOS = YES_AGGRESSIVE;
				GCC_WARN_UNUSED_FUNCTION = YES;
				GCC_WARN_UNUSED_VARIABLE = YES;
				IPHONEOS_DEPLOYMENT_TARGET = 9.3;
				MTL_ENABLE_DEBUG_INFO = YES;
				ONLY_ACTIVE_ARCH = YES;
				SDKROOT = iphoneos;
			};
			name = Debug;
		};
		6CCEC24B1D04D9BF00DB30C0 /* Release */ = {
			isa = XCBuildConfiguration;
			buildSettings = {
				ALWAYS_SEARCH_USER_PATHS = NO;
				CLANG_ANALYZER_NONNULL = YES;
				CLANG_CXX_LANGUAGE_STANDARD = "gnu++0x";
				CLANG_CXX_LIBRARY = "libc++";
				CLANG_ENABLE_MODULES = YES;
				CLANG_ENABLE_OBJC_ARC = YES;
				CLANG_WARN_BOOL_CONVERSION = YES;
				CLANG_WARN_CONSTANT_CONVERSION = YES;
				CLANG_WARN_DIRECT_OBJC_ISA_USAGE = YES_ERROR;
				CLANG_WARN_EMPTY_BODY = YES;
				CLANG_WARN_ENUM_CONVERSION = YES;
				CLANG_WARN_INT_CONVERSION = YES;
				CLANG_WARN_OBJC_ROOT_CLASS = YES_ERROR;
				CLANG_WARN_UNREACHABLE_CODE = YES;
				CLANG_WARN__DUPLICATE_METHOD_MATCH = YES;
				"CODE_SIGN_IDENTITY[sdk=iphoneos*]" = "iPhone Developer";
				COPY_PHASE_STRIP = NO;
				DEBUG_INFORMATION_FORMAT = "dwarf-with-dsym";
				ENABLE_NS_ASSERTIONS = NO;
				ENABLE_STRICT_OBJC_MSGSEND = YES;
				GCC_C_LANGUAGE_STANDARD = gnu99;
				GCC_NO_COMMON_BLOCKS = YES;
				GCC_WARN_64_TO_32_BIT_CONVERSION = YES;
				GCC_WARN_ABOUT_RETURN_TYPE = YES_ERROR;
				GCC_WARN_UNDECLARED_SELECTOR = YES;
				GCC_WARN_UNINITIALIZED_AUTOS = YES_AGGRESSIVE;
				GCC_WARN_UNUSED_FUNCTION = YES;
				GCC_WARN_UNUSED_VARIABLE = YES;
				IPHONEOS_DEPLOYMENT_TARGET = 9.3;
				MTL_ENABLE_DEBUG_INFO = NO;
				SDKROOT = iphoneos;
				VALIDATE_PRODUCT = YES;
			};
			name = Release;
		};
		6CCEC24D1D04D9BF00DB30C0 /* Debug */ = {
			isa = XCBuildConfiguration;
			buildSettings = {
				ASSETCATALOG_COMPILER_APPICON_NAME = AppIcon;
				CODE_SIGN_IDENTITY = "iPhone Developer";
				"CODE_SIGN_IDENTITY[sdk=iphoneos*]" = "iPhone Developer";
				INFOPLIST_FILE = EquiptiLity/Info.plist;
				LD_RUNPATH_SEARCH_PATHS = "$(inherited) @executable_path/Frameworks";
				PRODUCT_BUNDLE_IDENTIFIER = com.moorsideinc.EquiptiLity;
				PRODUCT_NAME = "$(TARGET_NAME)";
				PROVISIONING_PROFILE = "";
			};
			name = Debug;
		};
		6CCEC24E1D04D9BF00DB30C0 /* Release */ = {
			isa = XCBuildConfiguration;
			buildSettings = {
				ASSETCATALOG_COMPILER_APPICON_NAME = AppIcon;
				CODE_SIGN_IDENTITY = "iPhone Developer";
				"CODE_SIGN_IDENTITY[sdk=iphoneos*]" = "iPhone Developer";
				INFOPLIST_FILE = EquiptiLity/Info.plist;
				LD_RUNPATH_SEARCH_PATHS = "$(inherited) @executable_path/Frameworks";
				PRODUCT_BUNDLE_IDENTIFIER = com.moorsideinc.EquiptiLity;
				PRODUCT_NAME = "$(TARGET_NAME)";
				PROVISIONING_PROFILE = "";
			};
			name = Release;
		};
/* End XCBuildConfiguration section */

/* Begin XCConfigurationList section */
		6CCEC22D1D04D9BE00DB30C0 /* Build configuration list for PBXProject "EquiptiLity" */ = {
			isa = XCConfigurationList;
			buildConfigurations = (
				6CCEC24A1D04D9BF00DB30C0 /* Debug */,
				6CCEC24B1D04D9BF00DB30C0 /* Release */,
			);
			defaultConfigurationIsVisible = 0;
			defaultConfigurationName = Release;
		};
		6CCEC24C1D04D9BF00DB30C0 /* Build configuration list for PBXNativeTarget "EquiptiLity" */ = {
			isa = XCConfigurationList;
			buildConfigurations = (
				6CCEC24D1D04D9BF00DB30C0 /* Debug */,
				6CCEC24E1D04D9BF00DB30C0 /* Release */,
			);
			defaultConfigurationIsVisible = 0;
			defaultConfigurationName = Release;
		};
/* End XCConfigurationList section */

/* Begin XCVersionGroup section */
		6CCEC2411D04D9BF00DB30C0 /* EquiptiLity.xcdatamodeld */ = {
			isa = XCVersionGroup;
			children = (
				6CCEC2421D04D9BF00DB30C0 /* EquiptiLity.xcdatamodel */,
			);
			currentVersion = 6CCEC2421D04D9BF00DB30C0 /* EquiptiLity.xcdatamodel */;
			path = EquiptiLity.xcdatamodeld;
			sourceTree = "<group>";
			versionGroupType = wrapper.xcdatamodel;
		};
/* End XCVersionGroup section */
	};
	rootObject = 6CCEC22A1D04D9BE00DB30C0 /* Project object */;
}
