// !$*UTF8*$!
{
	archiveVersion = 1;
	classes = {
	};
	objectVersion = 46;
	objects = {

/* Begin PBXBuildFile section */
		6CCEC2371D04D9BE00DB30C0 /* main.m in Sources */ = {isa = PBXBuildFile; fileRef = 6CCEC2361D04D9BE00DB30C0 /* main.m */; };
		6CCEC23A1D04D9BE00DB30C0 /* AppDelegate.m in Sources */ = {isa = PBXBuildFile; fileRef = 6CCEC2391D04D9BE00DB30C0 /* AppDelegate.m */; };
		6CCEC23D1D04D9BE00DB30C0 /* ViewController.m in Sources */ = {isa = PBXBuildFile; fileRef = 6CCEC23C1D04D9BE00DB30C0 /* ViewController.m */; };
		6CCEC2401D04D9BF00DB30C0 /* Main.storyboard in Resources */ = {isa = PBXBuildFile; fileRef = 6CCEC23E1D04D9BF00DB30C0 /* Main.storyboard */; };
		6CCEC2431D04D9BF00DB30C0 /* EquiptiLity.xcdatamodeld in Sources */ = {isa = PBXBuildFile; fileRef = 6CCEC2411D04D9BF00DB30C0 /* EquiptiLity.xcdatamodeld */; };
		6CCEC2451D04D9BF00DB30C0 /* Assets.xcassets in Resources */ = {isa = PBXBuildFile; fileRef = 6CCEC2441D04D9BF00DB30C0 /* Assets.xcassets */; };
		6CCEC2481D04D9BF00DB30C0 /* LaunchScreen.storyboard in Resources */ = {isa = PBXBuildFile; fileRef = 6CCEC2461D04D9BF00DB30C0 /* LaunchScreen.storyboard */; };
/* End PBXBuildFile section */

/* Begin PBXFileReference section */
		6CCEC2321D04D9BE00DB30C0 /* EquiptiLity.app */ = {isa = PBXFileReference; explicitFileType = wrapper.application; includeInIndex = 0; path = EquiptiLity.app; sourceTree = BUILT_PRODUCTS_DIR; };
		6CCEC2361D04D9BE00DB30C0 /* main.m */ = {isa = PBXFileReference; lastKnownFileType = sourcecode.c.objc; path = main.m; sourceTree = "<group>"; };
		6CCEC2381D04D9BE00DB30C0 /* AppDelegate.h */ = {isa = PBXFileReference; lastKnownFileType = sourcecode.c.h; path = AppDelegate.h; sourceTree = "<group>"; };
		6CCEC2391D04D9BE00DB30C0 /* AppDelegate.m */ = {isa = PBXFileReference; lastKnownFileType = sourcecode.c.objc; path = AppDelegate.m; sourceTree = "<group>"; };
		6CCEC23B1D04D9BE00DB30C0 /* ViewController.h */ = {isa = PBXFileReference; lastKnownFileType = sourcecode.c.h; path = ViewController.h; sourceTree = "<group>"; };
		6CCEC23C1D04D9BE00DB30C0 /* ViewController.m */ = {isa = PBXFileReference; lastKnownFileType = sourcecode.c.objc; path = ViewController.m; sourceTree = "<group>"; };
		6CCEC23F1D04D9BF00DB30C0 /* Base */ = {isa = PBXFileReference; lastKnownFileType = file.storyboard; name = Base; path = Base.lproj/Main.storyboard; sourceTree = "<group>"; };
		6CCEC2421D04D9BF00DB30C0 /* EquiptiLity.xcdatamodel */ = {isa = PBXFileReference; lastKnownFileType = wrapper.xcdatamodel; path = EquiptiLity.xcdatamodel; sourceTree = "<group>"; };
		6CCEC2441D04D9BF00DB30C0 /* Assets.xcassets */ = {isa = PBXFileReference; lastKnownFileType = folder.assetcatalog; path = Assets.xcassets; sourceTree = "<group>"; };
		6CCEC2471D04D9BF00DB30C0 /* Base */ = {isa = PBXFileReference; lastKnownFileType = file.storyboard; name = Base; path = Base.lproj/LaunchScreen.storyboard; sourceTree = "<group>"; };
		6CCEC2491D04D9BF00DB30C0 /* Info.plist */ = {isa = PBXFileReference; lastKnownFileType = text.plist.xml; path = Info.plist; sourceTree = "<group>"; };
/* End PBXFileReference section */

/* Begin PBXFrameworksBuildPhase section */
		6CCEC22F1D04D9BE00DB30C0 /* Frameworks */ = {
			isa = PBXFrameworksBuildPhase;
			buildActionMask = 2147483647;
			files = (
			);
			runOnlyForDeploymentPostprocessing = 0;
		};
/* End PBXFrameworksBuildPhase section */

/* Begin PBXGroup section */
		6CCEC2291D04D9BE00DB30C0 = {
			isa = PBXGroup;
			children = (
				6CCEC2341D04D9BE00DB30C0 /* EquiptiLity */,
				6CCEC2331D04D9BE00DB30C0 /* Products */,
			);
			sourceTree = "<group>";
		};
		6CCEC2331D04D9BE00DB30C0 /* Products */ = {
			isa = PBXGroup;
			children = (
				6CCEC2321D04D9BE00DB30C0 /* EquiptiLity.app */,
			);
			name = Products;
			sourceTree = "<group>";
		};
		6CCEC2341D04D9BE00DB30C0 /* EquiptiLity */ = {
			isa = PBXGroup;
			children = (
				6CCEC2381D04D9BE00DB30C0 /* AppDelegate.h */,
				6CCEC2391D04D9BE00DB30C0 /* AppDelegate.m */,
				6CCEC23B1D04D9BE00DB30C0 /* ViewController.h */,
				6CCEC23C1D04D9BE00DB30C0 /* ViewController.m */,
				6CCEC23E1D04D9BF00DB30C0 /* Main.storyboard */,
				6CCEC2441D04D9BF00DB30C0 /* Assets.xcassets */,
				6CCEC2461D04D9BF00DB30C0 /* LaunchScreen.storyboard */,
				6CCEC2491D04D9BF00DB30C0 /* Info.plist */,
				6CCEC2411D04D9BF00DB30C0 /* EquiptiLity.xcdatamodeld */,
				6CCEC2351D04D9BE00DB30C0 /* Supporting Files */,
			);
			path = EquiptiLity;
			sourceTree = "<group>";
		};
		6CCEC2351D04D9BE00DB30C0 /* Supporting Files */ = {
			isa = PBXGroup;
			children = (
				6CCEC2361D04D9BE00DB30C0 /* main.m */,
			);
			name = "Supporting Files";
			sourceTree = "<group>";
		};
/* End PBXGroup section */

/* Begin PBXNativeTarget section */
		6CCEC2311D04D9BE00DB30C0 /* EquiptiLity */ = {
			isa = PBXNativeTarget;
			buildConfigurationList = 6CCEC24C1D04D9BF00DB30C0 /* Build configuration list for PBXNativeTarget "EquiptiLity" */;
			buildPhases = (
				6CCEC22E1D04D9BE00DB30C0 /* Sources */,
				6CCEC22F1D04D9BE00DB30C0 /* Frameworks */,
				6CCEC2301D04D9BE00DB30C0 /* Resources */,
			);
			buildRules = (
			);
			dependencies = (
			);
			name = EquiptiLity;
			productName = EquiptiLity;
			productReference = 6CCEC2321D04D9BE00DB30C0 /* EquiptiLity.app */;
			productType = "com.apple.product-type.application";
		};
/* End PBXNativeTarget section */

/* Begin PBXProject section */
		6CCEC22A1D04D9BE00DB30C0 /* Project object */ = {
			isa = PBXProject;
			attributes = {
				LastUpgradeCheck = 0730;
				ORGANIZATIONNAME = moorsideinc;
				TargetAttributes = {
					6CCEC2311D04D9BE00DB30C0 = {
						CreatedOnToolsVersion = 7.3.1;
					};
				};
			};
			buildConfigurationList = 6CCEC22D1D04D9BE00DB30C0 /* Build configuration list for PBXProject "EquiptiLity" */;
			compatibilityVersion = "Xcode 3.2";
			developmentRegion = English;
			hasScannedForEncodings = 0;
			knownRegions = (
				en,
				Base,
			);
			mainGroup = 6CCEC2291D04D9BE00DB30C0;
			productRefGroup = 6CCEC2331D04D9BE00DB30C0 /* Products */;
			projectDirPath = "";
			projectRoot = "";
			targets = (
				6CCEC2311D04D9BE00DB30C0 /* EquiptiLity */,
			);
		};
/* End PBXProject section */

/* Begin PBXResourcesBuildPhase section */
		6CCEC2301D04D9BE00DB30C0 /* Resources */ = {
			isa = PBXResourcesBuildPhase;
			buildActionMask = 2147483647;
			files = (
				6CCEC2481D04D9BF00DB30C0 /* LaunchScreen.storyboard in Resources */,
				6CCEC2451D04D9BF00DB30C0 /* Assets.xcassets in Resources */,
				6CCEC2401D04D9BF00DB30C0 /* Main.storyboard in Resources */,
			);
			runOnlyForDeploymentPostprocessing = 0;
		};
/* End PBXResourcesBuildPhase section */

/* Begin PBXSourcesBuildPhase section */
		6CCEC22E1D04D9BE00DB30C0 /* Sources */ = {
			isa = PBXSourcesBuildPhase;
			buildActionMask = 2147483647;
			files = (
				6CCEC23D1D04D9BE00DB30C0 /* ViewController.m in Sources */,
				6CCEC23A1D04D9BE00DB30C0 /* AppDelegate.m in Sources */,
				6CCEC2371D04D9BE00DB30C0 /* main.m in Sources */,
				6CCEC2431D04D9BF00DB30C0 /* EquiptiLity.xcdatamodeld in Sources */,
			);
			runOnlyForDeploymentPostprocessing = 0;
		};
/* End PBXSourcesBuildPhase section */

/* Begin PBXVariantGroup section */
		6CCEC23E1D04D9BF00DB30C0 /* Main.storyboard */ = {
			isa = PBXVariantGroup;
			children = (
				6CCEC23F1D04D9BF00DB30C0 /* Base */,
			);
			name = Main.storyboard;
			sourceTree = "<group>";
		};
		6CCEC2461D04D9BF00DB30C0 /* LaunchScreen.storyboard */ = {
			isa = PBXVariantGroup;
			children = (
				6CCEC2471D04D9BF00DB30C0 /* Base */,
			);
			name = LaunchScreen.storyboard;
			sourceTree = "<group>";
		};
/* End PBXVariantGroup section */

/* Begin XCBuildConfiguration section */
		6CCEC24A1D04D9BF00DB30C0 /* Debug */ = {
			isa = XCBuildConfiguration;
			buildSettings = {
				ALWAYS_SEARCH_USER_PATHS = NO;
				CLANG_ANALYZER_NONNULL = YES;
				CLANG_CXX_LANGUAGE_STANDARD = "gnu++0x";
				CLANG_CXX_LIBRARY = "libc++";
				CLANG_ENABLE_MODULES = YES;
				CLANG_ENABLE_OBJC_ARC = YES;
				CLANG_WARN_BOOL_CONVERSION = YES;
				CLANG_WARN_CONSTANT_CONVERSION = YES;
				CLANG_WARN_DIRECT_OBJC_ISA_USAGE = YES_ERROR;
				CLANG_WARN_EMPTY_BODY = YES;
				CLANG_WARN_ENUM_CONVERSION = YES;
				CLANG_WARN_INT_CONVERSION = YES;
				CLANG_WARN_OBJC_ROOT_CLASS = YES_ERROR;
				CLANG_WARN_UNREACHABLE_CODE = YES;
				CLANG_WARN__DUPLICATE_METHOD_MATCH = YES;
				"CODE_SIGN_IDENTITY[sdk=iphoneos*]" = "iPhone Developer";
				COPY_PHASE_STRIP = NO;
				DEBUG_INFORMATION_FORMAT = dwarf;
				ENABLE_STRICT_OBJC_MSGSEND = YES;
				ENABLE_TESTABILITY = YES;
				GCC_C_LANGUAGE_STANDARD = gnu99;
				GCC_DYNAMIC_NO_PIC = NO;
				GCC_NO_COMMON_BLOCKS = YES;
				GCC_OPTIMIZATION_LEVEL = 0;
				GCC_PREPROCESSOR_DEFINITIONS = (
					"DEBUG=1",
					"$(inherited)",
				);
				GCC_WARN_64_TO_32_BIT_CONVERSION = YES;
				GCC_WARN_ABOUT_RETURN_TYPE = YES_ERROR;
				GCC_WARN_UNDECLARED_SELECTOR = YES;
				GCC_WARN_UNINITIALIZED_AUTOS = YES_AGGRESSIVE;
				GCC_WARN_UNUSED_FUNCTION = YES;
				GCC_WARN_UNUSED_VARIABLE = YES;
				IPHONEOS_DEPLOYMENT_TARGET = 9.3;
				MTL_ENABLE_DEBUG_INFO = YES;
				ONLY_ACTIVE_ARCH = YES;
				SDKROOT = iphoneos;
			};
			name = Debug;
		};
		6CCEC24B1D04D9BF00DB30C0 /* Release */ = {
			isa = XCBuildConfiguration;
			buildSettings = {
				ALWAYS_SEARCH_USER_PATHS = NO;
				CLANG_ANALYZER_NONNULL = YES;
				CLANG_CXX_LANGUAGE_STANDARD = "gnu++0x";
				CLANG_CXX_LIBRARY = "libc++";
				CLANG_ENABLE_MODULES = YES;
				CLANG_ENABLE_OBJC_ARC = YES;
				CLANG_WARN_BOOL_CONVERSION = YES;
				CLANG_WARN_CONSTANT_CONVERSION = YES;
				CLANG_WARN_DIRECT_OBJC_ISA_USAGE = YES_ERROR;
				CLANG_WARN_EMPTY_BODY = YES;
				CLANG_WARN_ENUM_CONVERSION = YES;
				CLANG_WARN_INT_CONVERSION = YES;
				CLANG_WARN_OBJC_ROOT_CLASS = YES_ERROR;
				CLANG_WARN_UNREACHABLE_CODE = YES;
				CLANG_WARN__DUPLICATE_METHOD_MATCH = YES;
				"CODE_SIGN_IDENTITY[sdk=iphoneos*]" = "iPhone Developer";
				COPY_PHASE_STRIP = NO;
				DEBUG_INFORMATION_FORMAT = "dwarf-with-dsym";
				ENABLE_NS_ASSERTIONS = NO;
				ENABLE_STRICT_OBJC_MSGSEND = YES;
				GCC_C_LANGUAGE_STANDARD = gnu99;
				GCC_NO_COMMON_BLOCKS = YES;
				GCC_WARN_64_TO_32_BIT_CONVERSION = YES;
				GCC_WARN_ABOUT_RETURN_TYPE = YES_ERROR;
				GCC_WARN_UNDECLARED_SELECTOR = YES;
				GCC_WARN_UNINITIALIZED_AUTOS = YES_AGGRESSIVE;
				GCC_WARN_UNUSED_FUNCTION = YES;
				GCC_WARN_UNUSED_VARIABLE = YES;
				IPHONEOS_DEPLOYMENT_TARGET = 9.3;
				MTL_ENABLE_DEBUG_INFO = NO;
				SDKROOT = iphoneos;
				VALIDATE_PRODUCT = YES;
			};
			name = Release;
		};
		6CCEC24D1D04D9BF00DB30C0 /* Debug */ = {
			isa = XCBuildConfiguration;
			buildSettings = {
				ASSETCATALOG_COMPILER_APPICON_NAME = AppIcon;
				INFOPLIST_FILE = EquiptiLity/Info.plist;
				LD_RUNPATH_SEARCH_PATHS = "$(inherited) @executable_path/Frameworks";
				PRODUCT_BUNDLE_IDENTIFIER = com.moorsideinc.EquiptiLity;
				PRODUCT_NAME = "$(TARGET_NAME)";
			};
			name = Debug;
		};
		6CCEC24E1D04D9BF00DB30C0 /* Release */ = {
			isa = XCBuildConfiguration;
			buildSettings = {
				ASSETCATALOG_COMPILER_APPICON_NAME = AppIcon;
				INFOPLIST_FILE = EquiptiLity/Info.plist;
				LD_RUNPATH_SEARCH_PATHS = "$(inherited) @executable_path/Frameworks";
				PRODUCT_BUNDLE_IDENTIFIER = com.moorsideinc.EquiptiLity;
				PRODUCT_NAME = "$(TARGET_NAME)";
			};
			name = Release;
		};
/* End XCBuildConfiguration section */

/* Begin XCConfigurationList section */
		6CCEC22D1D04D9BE00DB30C0 /* Build configuration list for PBXProject "EquiptiLity" */ = {
			isa = XCConfigurationList;
			buildConfigurations = (
				6CCEC24A1D04D9BF00DB30C0 /* Debug */,
				6CCEC24B1D04D9BF00DB30C0 /* Release */,
			);
			defaultConfigurationIsVisible = 0;
			defaultConfigurationName = Release;
		};
		6CCEC24C1D04D9BF00DB30C0 /* Build configuration list for PBXNativeTarget "EquiptiLity" */ = {
			isa = XCConfigurationList;
			buildConfigurations = (
				6CCEC24D1D04D9BF00DB30C0 /* Debug */,
				6CCEC24E1D04D9BF00DB30C0 /* Release */,
			);
			defaultConfigurationIsVisible = 0;
		};
/* End XCConfigurationList section */

/* Begin XCVersionGroup section */
		6CCEC2411D04D9BF00DB30C0 /* EquiptiLity.xcdatamodeld */ = {
			isa = XCVersionGroup;
			children = (
				6CCEC2421D04D9BF00DB30C0 /* EquiptiLity.xcdatamodel */,
			);
			currentVersion = 6CCEC2421D04D9BF00DB30C0 /* EquiptiLity.xcdatamodel */;
			path = EquiptiLity.xcdatamodeld;
			sourceTree = "<group>";
			versionGroupType = wrapper.xcdatamodel;
		};
/* End XCVersionGroup section */
	};
	rootObject = 6CCEC22A1D04D9BE00DB30C0 /* Project object */;
}
